Microsoft Visual Studio Solution File, Format Version 12.00
# Visual Studio Version 17
VisualStudioVersion = 17.5.2.0
MinimumVisualStudioVersion = 10.0.40219.1
Project("{FAE04EC0-301F-11D3-BF4B-00C04F79EFBC}") = "cenima", "cenima.csproj", "{CF89C3C1-F0EF-AEF0-4D50-CDE0E0753FF7}"
EndProject
Global
	GlobalSection(SolutionConfigurationPlatforms) = preSolution
		Debug|Any CPU = Debug|Any CPU
		Release|Any CPU = Release|Any CPU
	EndGlobalSection
	GlobalSection(ProjectConfigurationPlatforms) = postSolution
		{CF89C3C1-F0EF-AEF0-4D50-CDE0E0753FF7}.Debug|Any CPU.ActiveCfg = Debug|Any CPU
		{CF89C3C1-F0EF-AEF0-4D50-CDE0E0753FF7}.Debug|Any CPU.Build.0 = Debug|Any CPU
		{CF89C3C1-F0EF-AEF0-4D50-CDE0E0753FF7}.Release|Any CPU.ActiveCfg = Release|Any CPU
		{CF89C3C1-F0EF-AEF0-4D50-CDE0E0753FF7}.Release|Any CPU.Build.0 = Release|Any CPU
	EndGlobalSection
	GlobalSection(SolutionProperties) = preSolution
		HideSolutionNode = FALSE
	EndGlobalSection
	GlobalSection(ExtensibilityGlobals) = postSolution
		SolutionGuid = {CAA31CD0-00E7-450A-9AA9-1A6D10B79DF4}
	EndGlobalSection
EndGlobal
